
Microsoft Visual Studio Solution File, Format Version 12.00
# Visual Studio Version 17
VisualStudioVersion = 17.4.33205.214
MinimumVisualStudioVersion = 10.0.40219.1
Project("{FAE04EC0-301F-11D3-BF4B-00C04F79EFBC}") = "SalesDataDashboard", "SalesDataDashboard.csproj", "{D06C6B5B-6138-42FD-AC8A-F7A8181AFBC0}"
EndProject
Project("{9A19103F-16F7-4668-BE54-9A1E7A4F7556}") = "SalesDataServices.Tests", "..\SalesDataServices.Tests\SalesDataServices.Tests.csproj", "{833514F2-9C90-4436-BA71-F5785FEDF983}"
EndProject
Project("{FAE04EC0-301F-11D3-BF4B-00C04F79EFBC}") = "SalesDataAPI", "..\SalesDataAPI\SalesDataAPI.csproj", "{9160579F-025B-4AD2-BF56-BEF667E1979C}"
EndProject
Project("{FAE04EC0-301F-11D3-BF4B-00C04F79EFBC}") = "SalesDataServices", "..\SalesDataServices\SalesDataServices.csproj", "{DC861D08-45FB-4BB2-BAF4-E345456689B4}"
EndProject
Project("{FAE04EC0-301F-11D3-BF4B-00C04F79EFBC}") = "SalesDataInterfaces", "..\SalesDataInterfaces\SalesDataInterfaces.csproj", "{F300BEA1-68E8-475D-A094-EBB1A45548AA}"
EndProject
Project("{FAE04EC0-301F-11D3-BF4B-00C04F79EFBC}") = "SalesDataViewModels", "..\SalesDataViewModels\SalesDataViewModels.csproj", "{BFE20F43-CC51-443D-A71E-496ACED0F013}"
EndProject
Global
	GlobalSection(SolutionConfigurationPlatforms) = preSolution
		Debug|Any CPU = Debug|Any CPU
		Release|Any CPU = Release|Any CPU
	EndGlobalSection
	GlobalSection(ProjectConfigurationPlatforms) = postSolution
		{D06C6B5B-6138-42FD-AC8A-F7A8181AFBC0}.Debug|Any CPU.ActiveCfg = Debug|Any CPU
		{D06C6B5B-6138-42FD-AC8A-F7A8181AFBC0}.Debug|Any CPU.Build.0 = Debug|Any CPU
		{D06C6B5B-6138-42FD-AC8A-F7A8181AFBC0}.Release|Any CPU.ActiveCfg = Release|Any CPU
		{D06C6B5B-6138-42FD-AC8A-F7A8181AFBC0}.Release|Any CPU.Build.0 = Release|Any CPU
		{833514F2-9C90-4436-BA71-F5785FEDF983}.Debug|Any CPU.ActiveCfg = Debug|Any CPU
		{833514F2-9C90-4436-BA71-F5785FEDF983}.Debug|Any CPU.Build.0 = Debug|Any CPU
		{833514F2-9C90-4436-BA71-F5785FEDF983}.Release|Any CPU.ActiveCfg = Release|Any CPU
		{833514F2-9C90-4436-BA71-F5785FEDF983}.Release|Any CPU.Build.0 = Release|Any CPU
		{9160579F-025B-4AD2-BF56-BEF667E1979C}.Debug|Any CPU.ActiveCfg = Debug|Any CPU
		{9160579F-025B-4AD2-BF56-BEF667E1979C}.Debug|Any CPU.Build.0 = Debug|Any CPU
		{9160579F-025B-4AD2-BF56-BEF667E1979C}.Release|Any CPU.ActiveCfg = Release|Any CPU
		{9160579F-025B-4AD2-BF56-BEF667E1979C}.Release|Any CPU.Build.0 = Release|Any CPU
		{DC861D08-45FB-4BB2-BAF4-E345456689B4}.Debug|Any CPU.ActiveCfg = Debug|Any CPU
		{DC861D08-45FB-4BB2-BAF4-E345456689B4}.Debug|Any CPU.Build.0 = Debug|Any CPU
		{DC861D08-45FB-4BB2-BAF4-E345456689B4}.Release|Any CPU.ActiveCfg = Release|Any CPU
		{DC861D08-45FB-4BB2-BAF4-E345456689B4}.Release|Any CPU.Build.0 = Release|Any CPU
		{F300BEA1-68E8-475D-A094-EBB1A45548AA}.Debug|Any CPU.ActiveCfg = Debug|Any CPU
		{F300BEA1-68E8-475D-A094-EBB1A45548AA}.Debug|Any CPU.Build.0 = Debug|Any CPU
		{F300BEA1-68E8-475D-A094-EBB1A45548AA}.Release|Any CPU.ActiveCfg = Release|Any CPU
		{F300BEA1-68E8-475D-A094-EBB1A45548AA}.Release|Any CPU.Build.0 = Release|Any CPU
		{BFE20F43-CC51-443D-A71E-496ACED0F013}.Debug|Any CPU.ActiveCfg = Debug|Any CPU
		{BFE20F43-CC51-443D-A71E-496ACED0F013}.Debug|Any CPU.Build.0 = Debug|Any CPU
		{BFE20F43-CC51-443D-A71E-496ACED0F013}.Release|Any CPU.ActiveCfg = Release|Any CPU
		{BFE20F43-CC51-443D-A71E-496ACED0F013}.Release|Any CPU.Build.0 = Release|Any CPU
	EndGlobalSection
	GlobalSection(SolutionProperties) = preSolution
		HideSolutionNode = FALSE
	EndGlobalSection
	GlobalSection(ExtensibilityGlobals) = postSolution
		SolutionGuid = {54A8DC70-A384-42E7-A5CC-4D548E1A62D6}
	EndGlobalSection
EndGlobal
